
Microsoft Visual Studio Solution File, Format Version 12.00
# Visual Studio Version 17
VisualStudioVersion = 17.11.35208.52
MinimumVisualStudioVersion = 10.0.40219.1
Project("{9A19103F-16F7-4668-BE54-9A1E7A4F7556}") = "Behavioral.ChainOfResponsibility", "Behavioral.ChainOfResponsibility\Behavioral.ChainOfResponsibility.csproj", "{1FFFC30E-EEB3-4265-853A-E3D1F306CAB9}"
EndProject
Project("{9A19103F-16F7-4668-BE54-9A1E7A4F7556}") = "Behavioral.Command", "Behavioral.Command\Behavioral.Command.csproj", "{2BC3C63E-6A98-4F62-A699-A347A034B081}"
EndProject
Project("{9A19103F-16F7-4668-BE54-9A1E7A4F7556}") = "Behavioral.Iterator", "Behavioral.Iterator\Behavioral.Iterator.csproj", "{52199EE3-35B7-496D-A15F-9A0A21F8F95F}"
EndProject
Project("{9A19103F-16F7-4668-BE54-9A1E7A4F7556}") = "Behavioral.Mediator", "Behavioral.Mediator\Behavioral.Mediator.csproj", "{9BB2A0C8-8BDC-428B-A3F9-FF554232430D}"
EndProject
Project("{9A19103F-16F7-4668-BE54-9A1E7A4F7556}") = "Behavioral.Memento", "Behavioral.Memento\Behavioral.Memento.csproj", "{1889F769-AEB6-4A90-88D8-2250FD818B7F}"
EndProject
Project("{9A19103F-16F7-4668-BE54-9A1E7A4F7556}") = "Behavioral.Observer", "Behavioral.Observer\Behavioral.Observer.csproj", "{BA8B0435-797D-43EA-9DDA-ADEAB8B291AD}"
EndProject
Project("{9A19103F-16F7-4668-BE54-9A1E7A4F7556}") = "Behavioral.State", "Behavioral.State\Behavioral.State.csproj", "{079EC778-6297-4CC1-A7B2-60BDE124E9A7}"
EndProject
Project("{9A19103F-16F7-4668-BE54-9A1E7A4F7556}") = "Behavioral.Strategy", "Behavioral.Strategy\Behavioral.Strategy.csproj", "{D22FAF13-2734-4136-8815-BBF5730B26DC}"
EndProject
Project("{9A19103F-16F7-4668-BE54-9A1E7A4F7556}") = "Behavioral.TemplateMethod", "Behavioral.TemplateMethod\Behavioral.TemplateMethod.csproj", "{76A4B619-256C-40AA-BE83-36AFD008E7B9}"
EndProject
Project("{9A19103F-16F7-4668-BE54-9A1E7A4F7556}") = "Behavioral.Visitor", "Behavioral.Visitor\Behavioral.Visitor.csproj", "{AAA8C9E3-F9B9-4235-9343-12657EFC79F6}"
EndProject
Project("{9A19103F-16F7-4668-BE54-9A1E7A4F7556}") = "Creational.AbstractFactory", "Creational.AbstractFactory\Creational.AbstractFactory.csproj", "{E61D1A22-89CF-4FB0-93CC-D50ADD337774}"
EndProject
Project("{9A19103F-16F7-4668-BE54-9A1E7A4F7556}") = "Creational.Builder", "Creational.Builder\Creational.Builder.csproj", "{C8901BA7-CACB-4992-B9BF-6937CCC66F01}"
EndProject
Project("{9A19103F-16F7-4668-BE54-9A1E7A4F7556}") = "Creational.FactoryMethod", "Creational.FactoryMethod\Creational.FactoryMethod.csproj", "{4983AC85-6046-4A7F-8826-DC522D665CE8}"
EndProject
Project("{9A19103F-16F7-4668-BE54-9A1E7A4F7556}") = "Creational.Prototype", "Creational.Prototype\Creational.Prototype.csproj", "{DF8D6CAF-CFF8-48B8-AD34-E4B31F7C11B4}"
EndProject
Project("{9A19103F-16F7-4668-BE54-9A1E7A4F7556}") = "Creational.Singleton", "Creational.Singleton\Creational.Singleton.csproj", "{126A23C2-5E0A-4584-A099-A561A86DC561}"
EndProject
Project("{9A19103F-16F7-4668-BE54-9A1E7A4F7556}") = "Structural.Adapter", "Structural.Adapter\Structural.Adapter.csproj", "{8043C352-0F00-4BF5-97D8-2C4567B47D55}"
EndProject
Project("{9A19103F-16F7-4668-BE54-9A1E7A4F7556}") = "Structural.Bridge", "Structural.Bridge\Structural.Bridge.csproj", "{6EAD283B-1E9B-43BE-8665-7CDE4B437537}"
EndProject
Project("{9A19103F-16F7-4668-BE54-9A1E7A4F7556}") = "Structural.Composite", "Structural.Composite\Structural.Composite.csproj", "{2C4C4D1D-FD10-4194-9A10-44E214535050}"
EndProject
Project("{9A19103F-16F7-4668-BE54-9A1E7A4F7556}") = "Structural.Decorator", "Structural.Decorator\Structural.Decorator.csproj", "{F09DEBE0-5081-47A3-92E3-C22EA738DDA7}"
EndProject
Project("{9A19103F-16F7-4668-BE54-9A1E7A4F7556}") = "Structural.Facade", "Structural.Facade\Structural.Facade.csproj", "{25191DD1-0981-4E08-9197-1F8D65D5AA2E}"
EndProject
Project("{9A19103F-16F7-4668-BE54-9A1E7A4F7556}") = "Structural.Flyweight", "Structural.Flyweight\Structural.Flyweight.csproj", "{33FBC18E-B437-4426-B135-1966419DAB78}"
EndProject
Project("{9A19103F-16F7-4668-BE54-9A1E7A4F7556}") = "Structural.Proxy", "Structural.Proxy\Structural.Proxy.csproj", "{EC41BF19-84F3-430F-B414-B3E3B8142A2F}"
EndProject
Global
	GlobalSection(SolutionConfigurationPlatforms) = preSolution
		Debug|Any CPU = Debug|Any CPU
		Release|Any CPU = Release|Any CPU
	EndGlobalSection
	GlobalSection(ProjectConfigurationPlatforms) = postSolution
		{1FFFC30E-EEB3-4265-853A-E3D1F306CAB9}.Debug|Any CPU.ActiveCfg = Debug|Any CPU
		{1FFFC30E-EEB3-4265-853A-E3D1F306CAB9}.Debug|Any CPU.Build.0 = Debug|Any CPU
		{1FFFC30E-EEB3-4265-853A-E3D1F306CAB9}.Release|Any CPU.ActiveCfg = Release|Any CPU
		{1FFFC30E-EEB3-4265-853A-E3D1F306CAB9}.Release|Any CPU.Build.0 = Release|Any CPU
		{2BC3C63E-6A98-4F62-A699-A347A034B081}.Debug|Any CPU.ActiveCfg = Debug|Any CPU
		{2BC3C63E-6A98-4F62-A699-A347A034B081}.Debug|Any CPU.Build.0 = Debug|Any CPU
		{2BC3C63E-6A98-4F62-A699-A347A034B081}.Release|Any CPU.ActiveCfg = Release|Any CPU
		{2BC3C63E-6A98-4F62-A699-A347A034B081}.Release|Any CPU.Build.0 = Release|Any CPU
		{52199EE3-35B7-496D-A15F-9A0A21F8F95F}.Debug|Any CPU.ActiveCfg = Debug|Any CPU
		{52199EE3-35B7-496D-A15F-9A0A21F8F95F}.Debug|Any CPU.Build.0 = Debug|Any CPU
		{52199EE3-35B7-496D-A15F-9A0A21F8F95F}.Release|Any CPU.ActiveCfg = Release|Any CPU
		{52199EE3-35B7-496D-A15F-9A0A21F8F95F}.Release|Any CPU.Build.0 = Release|Any CPU
		{9BB2A0C8-8BDC-428B-A3F9-FF554232430D}.Debug|Any CPU.ActiveCfg = Debug|Any CPU
		{9BB2A0C8-8BDC-428B-A3F9-FF554232430D}.Debug|Any CPU.Build.0 = Debug|Any CPU
		{9BB2A0C8-8BDC-428B-A3F9-FF554232430D}.Release|Any CPU.ActiveCfg = Release|Any CPU
		{9BB2A0C8-8BDC-428B-A3F9-FF554232430D}.Release|Any CPU.Build.0 = Release|Any CPU
		{1889F769-AEB6-4A90-88D8-2250FD818B7F}.Debug|Any CPU.ActiveCfg = Debug|Any CPU
		{1889F769-AEB6-4A90-88D8-2250FD818B7F}.Debug|Any CPU.Build.0 = Debug|Any CPU
		{1889F769-AEB6-4A90-88D8-2250FD818B7F}.Release|Any CPU.ActiveCfg = Release|Any CPU
		{1889F769-AEB6-4A90-88D8-2250FD818B7F}.Release|Any CPU.Build.0 = Release|Any CPU
		{BA8B0435-797D-43EA-9DDA-ADEAB8B291AD}.Debug|Any CPU.ActiveCfg = Debug|Any CPU
		{BA8B0435-797D-43EA-9DDA-ADEAB8B291AD}.Debug|Any CPU.Build.0 = Debug|Any CPU
		{BA8B0435-797D-43EA-9DDA-ADEAB8B291AD}.Release|Any CPU.ActiveCfg = Release|Any CPU
		{BA8B0435-797D-43EA-9DDA-ADEAB8B291AD}.Release|Any CPU.Build.0 = Release|Any CPU
		{079EC778-6297-4CC1-A7B2-60BDE124E9A7}.Debug|Any CPU.ActiveCfg = Debug|Any CPU
		{079EC778-6297-4CC1-A7B2-60BDE124E9A7}.Debug|Any CPU.Build.0 = Debug|Any CPU
		{079EC778-6297-4CC1-A7B2-60BDE124E9A7}.Release|Any CPU.ActiveCfg = Release|Any CPU
		{079EC778-6297-4CC1-A7B2-60BDE124E9A7}.Release|Any CPU.Build.0 = Release|Any CPU
		{D22FAF13-2734-4136-8815-BBF5730B26DC}.Debug|Any CPU.ActiveCfg = Debug|Any CPU
		{D22FAF13-2734-4136-8815-BBF5730B26DC}.Debug|Any CPU.Build.0 = Debug|Any CPU
		{D22FAF13-2734-4136-8815-BBF5730B26DC}.Release|Any CPU.ActiveCfg = Release|Any CPU
		{D22FAF13-2734-4136-8815-BBF5730B26DC}.Release|Any CPU.Build.0 = Release|Any CPU
		{76A4B619-256C-40AA-BE83-36AFD008E7B9}.Debug|Any CPU.ActiveCfg = Debug|Any CPU
		{76A4B619-256C-40AA-BE83-36AFD008E7B9}.Debug|Any CPU.Build.0 = Debug|Any CPU
		{76A4B619-256C-40AA-BE83-36AFD008E7B9}.Release|Any CPU.ActiveCfg = Release|Any CPU
		{76A4B619-256C-40AA-BE83-36AFD008E7B9}.Release|Any CPU.Build.0 = Release|Any CPU
		{AAA8C9E3-F9B9-4235-9343-12657EFC79F6}.Debug|Any CPU.ActiveCfg = Debug|Any CPU
		{AAA8C9E3-F9B9-4235-9343-12657EFC79F6}.Debug|Any CPU.Build.0 = Debug|Any CPU
		{AAA8C9E3-F9B9-4235-9343-12657EFC79F6}.Release|Any CPU.ActiveCfg = Release|Any CPU
		{AAA8C9E3-F9B9-4235-9343-12657EFC79F6}.Release|Any CPU.Build.0 = Release|Any CPU
		{E61D1A22-89CF-4FB0-93CC-D50ADD337774}.Debug|Any CPU.ActiveCfg = Debug|Any CPU
		{E61D1A22-89CF-4FB0-93CC-D50ADD337774}.Debug|Any CPU.Build.0 = Debug|Any CPU
		{E61D1A22-89CF-4FB0-93CC-D50ADD337774}.Release|Any CPU.ActiveCfg = Release|Any CPU
		{E61D1A22-89CF-4FB0-93CC-D50ADD337774}.Release|Any CPU.Build.0 = Release|Any CPU
		{C8901BA7-CACB-4992-B9BF-6937CCC66F01}.Debug|Any CPU.ActiveCfg = Debug|Any CPU
		{C8901BA7-CACB-4992-B9BF-6937CCC66F01}.Debug|Any CPU.Build.0 = Debug|Any CPU
		{C8901BA7-CACB-4992-B9BF-6937CCC66F01}.Release|Any CPU.ActiveCfg = Release|Any CPU
		{C8901BA7-CACB-4992-B9BF-6937CCC66F01}.Release|Any CPU.Build.0 = Release|Any CPU
		{4983AC85-6046-4A7F-8826-DC522D665CE8}.Debug|Any CPU.ActiveCfg = Debug|Any CPU
		{4983AC85-6046-4A7F-8826-DC522D665CE8}.Debug|Any CPU.Build.0 = Debug|Any CPU
		{4983AC85-6046-4A7F-8826-DC522D665CE8}.Release|Any CPU.ActiveCfg = Release|Any CPU
		{4983AC85-6046-4A7F-8826-DC522D665CE8}.Release|Any CPU.Build.0 = Release|Any CPU
		{DF8D6CAF-CFF8-48B8-AD34-E4B31F7C11B4}.Debug|Any CPU.ActiveCfg = Debug|Any CPU
		{DF8D6CAF-CFF8-48B8-AD34-E4B31F7C11B4}.Debug|Any CPU.Build.0 = Debug|Any CPU
		{DF8D6CAF-CFF8-48B8-AD34-E4B31F7C11B4}.Release|Any CPU.ActiveCfg = Release|Any CPU
		{DF8D6CAF-CFF8-48B8-AD34-E4B31F7C11B4}.Release|Any CPU.Build.0 = Release|Any CPU
		{126A23C2-5E0A-4584-A099-A561A86DC561}.Debug|Any CPU.ActiveCfg = Debug|Any CPU
		{126A23C2-5E0A-4584-A099-A561A86DC561}.Debug|Any CPU.Build.0 = Debug|Any CPU
		{126A23C2-5E0A-4584-A099-A561A86DC561}.Release|Any CPU.ActiveCfg = Release|Any CPU
		{126A23C2-5E0A-4584-A099-A561A86DC561}.Release|Any CPU.Build.0 = Release|Any CPU
		{8043C352-0F00-4BF5-97D8-2C4567B47D55}.Debug|Any CPU.ActiveCfg = Debug|Any CPU
		{8043C352-0F00-4BF5-97D8-2C4567B47D55}.Debug|Any CPU.Build.0 = Debug|Any CPU
		{8043C352-0F00-4BF5-97D8-2C4567B47D55}.Release|Any CPU.ActiveCfg = Release|Any CPU
		{8043C352-0F00-4BF5-97D8-2C4567B47D55}.Release|Any CPU.Build.0 = Release|Any CPU
		{6EAD283B-1E9B-43BE-8665-7CDE4B437537}.Debug|Any CPU.ActiveCfg = Debug|Any CPU
		{6EAD283B-1E9B-43BE-8665-7CDE4B437537}.Debug|Any CPU.Build.0 = Debug|Any CPU
		{6EAD283B-1E9B-43BE-8665-7CDE4B437537}.Release|Any CPU.ActiveCfg = Release|Any CPU
		{6EAD283B-1E9B-43BE-8665-7CDE4B437537}.Release|Any CPU.Build.0 = Release|Any CPU
		{2C4C4D1D-FD10-4194-9A10-44E214535050}.Debug|Any CPU.ActiveCfg = Debug|Any CPU
		{2C4C4D1D-FD10-4194-9A10-44E214535050}.Debug|Any CPU.Build.0 = Debug|Any CPU
		{2C4C4D1D-FD10-4194-9A10-44E214535050}.Release|Any CPU.ActiveCfg = Release|Any CPU
		{2C4C4D1D-FD10-4194-9A10-44E214535050}.Release|Any CPU.Build.0 = Release|Any CPU
		{F09DEBE0-5081-47A3-92E3-C22EA738DDA7}.Debug|Any CPU.ActiveCfg = Debug|Any CPU
		{F09DEBE0-5081-47A3-92E3-C22EA738DDA7}.Debug|Any CPU.Build.0 = Debug|Any CPU
		{F09DEBE0-5081-47A3-92E3-C22EA738DDA7}.Release|Any CPU.ActiveCfg = Release|Any CPU
		{F09DEBE0-5081-47A3-92E3-C22EA738DDA7}.Release|Any CPU.Build.0 = Release|Any CPU
		{25191DD1-0981-4E08-9197-1F8D65D5AA2E}.Debug|Any CPU.ActiveCfg = Debug|Any CPU
		{25191DD1-0981-4E08-9197-1F8D65D5AA2E}.Debug|Any CPU.Build.0 = Debug|Any CPU
		{25191DD1-0981-4E08-9197-1F8D65D5AA2E}.Release|Any CPU.ActiveCfg = Release|Any CPU
		{25191DD1-0981-4E08-9197-1F8D65D5AA2E}.Release|Any CPU.Build.0 = Release|Any CPU
		{33FBC18E-B437-4426-B135-1966419DAB78}.Debug|Any CPU.ActiveCfg = Debug|Any CPU
		{33FBC18E-B437-4426-B135-1966419DAB78}.Debug|Any CPU.Build.0 = Debug|Any CPU
		{33FBC18E-B437-4426-B135-1966419DAB78}.Release|Any CPU.ActiveCfg = Release|Any CPU
		{33FBC18E-B437-4426-B135-1966419DAB78}.Release|Any CPU.Build.0 = Release|Any CPU
		{EC41BF19-84F3-430F-B414-B3E3B8142A2F}.Debug|Any CPU.ActiveCfg = Debug|Any CPU
		{EC41BF19-84F3-430F-B414-B3E3B8142A2F}.Debug|Any CPU.Build.0 = Debug|Any CPU
		{EC41BF19-84F3-430F-B414-B3E3B8142A2F}.Release|Any CPU.ActiveCfg = Release|Any CPU
		{EC41BF19-84F3-430F-B414-B3E3B8142A2F}.Release|Any CPU.Build.0 = Release|Any CPU
	EndGlobalSection
	GlobalSection(SolutionProperties) = preSolution
		HideSolutionNode = FALSE
	EndGlobalSection
	GlobalSection(ExtensibilityGlobals) = postSolution
		SolutionGuid = {F7C8ECE5-34D8-4A0F-913F-8909BBAF912C}
	EndGlobalSection
EndGlobal
